// !$*UTF8*$!
{
	archiveVersion = 1;
	classes = {
	};
	objectVersion = 55;
	objects = {

/* Begin PBXBuildFile section */
		995BF00C28BA96E000A5C0F2 /* AppDelegate.swift in Sources */ = {isa = PBXBuildFile; fileRef = 995BF00B28BA96E000A5C0F2 /* AppDelegate.swift */; };
		995BF00E28BA96E000A5C0F2 /* SceneDelegate.swift in Sources */ = {isa = PBXBuildFile; fileRef = 995BF00D28BA96E000A5C0F2 /* SceneDelegate.swift */; };
		995BF01028BA96E000A5C0F2 /* ViewController.swift in Sources */ = {isa = PBXBuildFile; fileRef = 995BF00F28BA96E000A5C0F2 /* ViewController.swift */; };
		995BF01328BA96E000A5C0F2 /* Main.storyboard in Resources */ = {isa = PBXBuildFile; fileRef = 995BF01128BA96E000A5C0F2 /* Main.storyboard */; };
		995BF01528BA96E300A5C0F2 /* Assets.xcassets in Resources */ = {isa = PBXBuildFile; fileRef = 995BF01428BA96E300A5C0F2 /* Assets.xcassets */; };
		995BF01828BA96E300A5C0F2 /* LaunchScreen.storyboard in Resources */ = {isa = PBXBuildFile; fileRef = 995BF01628BA96E300A5C0F2 /* LaunchScreen.storyboard */; };
		995BF02328BA96E300A5C0F2 /* MySpotifyTests.swift in Sources */ = {isa = PBXBuildFile; fileRef = 995BF02228BA96E300A5C0F2 /* MySpotifyTests.swift */; };
		995BF02D28BA96E300A5C0F2 /* MySpotifyUITests.swift in Sources */ = {isa = PBXBuildFile; fileRef = 995BF02C28BA96E300A5C0F2 /* MySpotifyUITests.swift */; };
		995BF02F28BA96E300A5C0F2 /* MySpotifyUITestsLaunchTests.swift in Sources */ = {isa = PBXBuildFile; fileRef = 995BF02E28BA96E300A5C0F2 /* MySpotifyUITestsLaunchTests.swift */; };
/* End PBXBuildFile section */

/* Begin PBXContainerItemProxy section */
		995BF01F28BA96E300A5C0F2 /* PBXContainerItemProxy */ = {
			isa = PBXContainerItemProxy;
			containerPortal = 995BF00028BA96E000A5C0F2 /* Project object */;
			proxyType = 1;
			remoteGlobalIDString = 995BF00728BA96E000A5C0F2;
			remoteInfo = MySpotify;
		};
		995BF02928BA96E300A5C0F2 /* PBXContainerItemProxy */ = {
			isa = PBXContainerItemProxy;
			containerPortal = 995BF00028BA96E000A5C0F2 /* Project object */;
			proxyType = 1;
			remoteGlobalIDString = 995BF00728BA96E000A5C0F2;
			remoteInfo = MySpotify;
		};
/* End PBXContainerItemProxy section */

/* Begin PBXFileReference section */
		995BF00828BA96E000A5C0F2 /* MySpotify.app */ = {isa = PBXFileReference; explicitFileType = wrapper.application; includeInIndex = 0; path = MySpotify.app; sourceTree = BUILT_PRODUCTS_DIR; };
		995BF00B28BA96E000A5C0F2 /* AppDelegate.swift */ = {isa = PBXFileReference; lastKnownFileType = sourcecode.swift; path = AppDelegate.swift; sourceTree = "<group>"; };
		995BF00D28BA96E000A5C0F2 /* SceneDelegate.swift */ = {isa = PBXFileReference; lastKnownFileType = sourcecode.swift; path = SceneDelegate.swift; sourceTree = "<group>"; };
		995BF00F28BA96E000A5C0F2 /* ViewController.swift */ = {isa = PBXFileReference; lastKnownFileType = sourcecode.swift; path = ViewController.swift; sourceTree = "<group>"; };
		995BF01228BA96E000A5C0F2 /* Base */ = {isa = PBXFileReference; lastKnownFileType = file.storyboard; name = Base; path = Base.lproj/Main.storyboard; sourceTree = "<group>"; };
		995BF01428BA96E300A5C0F2 /* Assets.xcassets */ = {isa = PBXFileReference; lastKnownFileType = folder.assetcatalog; path = Assets.xcassets; sourceTree = "<group>"; };
		995BF01728BA96E300A5C0F2 /* Base */ = {isa = PBXFileReference; lastKnownFileType = file.storyboard; name = Base; path = Base.lproj/LaunchScreen.storyboard; sourceTree = "<group>"; };
		995BF01928BA96E300A5C0F2 /* Info.plist */ = {isa = PBXFileReference; lastKnownFileType = text.plist.xml; path = Info.plist; sourceTree = "<group>"; };
		995BF01E28BA96E300A5C0F2 /* MySpotifyTests.xctest */ = {isa = PBXFileReference; explicitFileType = wrapper.cfbundle; includeInIndex = 0; path = MySpotifyTests.xctest; sourceTree = BUILT_PRODUCTS_DIR; };
		995BF02228BA96E300A5C0F2 /* MySpotifyTests.swift */ = {isa = PBXFileReference; lastKnownFileType = sourcecode.swift; path = MySpotifyTests.swift; sourceTree = "<group>"; };
		995BF02828BA96E300A5C0F2 /* MySpotifyUITests.xctest */ = {isa = PBXFileReference; explicitFileType = wrapper.cfbundle; includeInIndex = 0; path = MySpotifyUITests.xctest; sourceTree = BUILT_PRODUCTS_DIR; };
		995BF02C28BA96E300A5C0F2 /* MySpotifyUITests.swift */ = {isa = PBXFileReference; lastKnownFileType = sourcecode.swift; path = MySpotifyUITests.swift; sourceTree = "<group>"; };
		995BF02E28BA96E300A5C0F2 /* MySpotifyUITestsLaunchTests.swift */ = {isa = PBXFileReference; lastKnownFileType = sourcecode.swift; path = MySpotifyUITestsLaunchTests.swift; sourceTree = "<group>"; };
/* End PBXFileReference section */

/* Begin PBXFrameworksBuildPhase section */
		995BF00528BA96E000A5C0F2 /* Frameworks */ = {
			isa = PBXFrameworksBuildPhase;
			buildActionMask = 2147483647;
			files = (
			);
			runOnlyForDeploymentPostprocessing = 0;
		};
		995BF01B28BA96E300A5C0F2 /* Frameworks */ = {
			isa = PBXFrameworksBuildPhase;
			buildActionMask = 2147483647;
			files = (
			);
			runOnlyForDeploymentPostprocessing = 0;
		};
		995BF02528BA96E300A5C0F2 /* Frameworks */ = {
			isa = PBXFrameworksBuildPhase;
			buildActionMask = 2147483647;
			files = (
			);
			runOnlyForDeploymentPostprocessing = 0;
		};
/* End PBXFrameworksBuildPhase section */

/* Begin PBXGroup section */
		995BEFFF28BA96E000A5C0F2 = {
			isa = PBXGroup;
			children = (
				995BF00A28BA96E000A5C0F2 /* MySpotify */,
				995BF02128BA96E300A5C0F2 /* MySpotifyTests */,
				995BF02B28BA96E300A5C0F2 /* MySpotifyUITests */,
				995BF00928BA96E000A5C0F2 /* Products */,
			);
			sourceTree = "<group>";
		};
		995BF00928BA96E000A5C0F2 /* Products */ = {
			isa = PBXGroup;
			children = (
				995BF00828BA96E000A5C0F2 /* MySpotify.app */,
				995BF01E28BA96E300A5C0F2 /* MySpotifyTests.xctest */,
				995BF02828BA96E300A5C0F2 /* MySpotifyUITests.xctest */,
			);
			name = Products;
			sourceTree = "<group>";
		};
		995BF00A28BA96E000A5C0F2 /* MySpotify */ = {
			isa = PBXGroup;
			children = (
				995BF00B28BA96E000A5C0F2 /* AppDelegate.swift */,
				995BF00D28BA96E000A5C0F2 /* SceneDelegate.swift */,
				995BF00F28BA96E000A5C0F2 /* ViewController.swift */,
				995BF01128BA96E000A5C0F2 /* Main.storyboard */,
				995BF01428BA96E300A5C0F2 /* Assets.xcassets */,
				995BF01628BA96E300A5C0F2 /* LaunchScreen.storyboard */,
				995BF01928BA96E300A5C0F2 /* Info.plist */,
			);
			path = MySpotify;
			sourceTree = "<group>";
		};
		995BF02128BA96E300A5C0F2 /* MySpotifyTests */ = {
			isa = PBXGroup;
			children = (
				995BF02228BA96E300A5C0F2 /* MySpotifyTests.swift */,
			);
			path = MySpotifyTests;
			sourceTree = "<group>";
		};
		995BF02B28BA96E300A5C0F2 /* MySpotifyUITests */ = {
			isa = PBXGroup;
			children = (
				995BF02C28BA96E300A5C0F2 /* MySpotifyUITests.swift */,
				995BF02E28BA96E300A5C0F2 /* MySpotifyUITestsLaunchTests.swift */,
			);
			path = MySpotifyUITests;
			sourceTree = "<group>";
		};
/* End PBXGroup section */

/* Begin PBXNativeTarget section */
		995BF00728BA96E000A5C0F2 /* MySpotify */ = {
			isa = PBXNativeTarget;
			buildConfigurationList = 995BF03228BA96E300A5C0F2 /* Build configuration list for PBXNativeTarget "MySpotify" */;
			buildPhases = (
				995BF00428BA96E000A5C0F2 /* Sources */,
				995BF00528BA96E000A5C0F2 /* Frameworks */,
				995BF00628BA96E000A5C0F2 /* Resources */,
			);
			buildRules = (
			);
			dependencies = (
			);
			name = MySpotify;
			productName = MySpotify;
			productReference = 995BF00828BA96E000A5C0F2 /* MySpotify.app */;
			productType = "com.apple.product-type.application";
		};
		995BF01D28BA96E300A5C0F2 /* MySpotifyTests */ = {
			isa = PBXNativeTarget;
			buildConfigurationList = 995BF03528BA96E300A5C0F2 /* Build configuration list for PBXNativeTarget "MySpotifyTests" */;
			buildPhases = (
				995BF01A28BA96E300A5C0F2 /* Sources */,
				995BF01B28BA96E300A5C0F2 /* Frameworks */,
				995BF01C28BA96E300A5C0F2 /* Resources */,
			);
			buildRules = (
			);
			dependencies = (
				995BF02028BA96E300A5C0F2 /* PBXTargetDependency */,
			);
			name = MySpotifyTests;
			productName = MySpotifyTests;
			productReference = 995BF01E28BA96E300A5C0F2 /* MySpotifyTests.xctest */;
			productType = "com.apple.product-type.bundle.unit-test";
		};
		995BF02728BA96E300A5C0F2 /* MySpotifyUITests */ = {
			isa = PBXNativeTarget;
			buildConfigurationList = 995BF03828BA96E300A5C0F2 /* Build configuration list for PBXNativeTarget "MySpotifyUITests" */;
			buildPhases = (
				995BF02428BA96E300A5C0F2 /* Sources */,
				995BF02528BA96E300A5C0F2 /* Frameworks */,
				995BF02628BA96E300A5C0F2 /* Resources */,
			);
			buildRules = (
			);
			dependencies = (
				995BF02A28BA96E300A5C0F2 /* PBXTargetDependency */,
			);
			name = MySpotifyUITests;
			productName = MySpotifyUITests;
			productReference = 995BF02828BA96E300A5C0F2 /* MySpotifyUITests.xctest */;
			productType = "com.apple.product-type.bundle.ui-testing";
		};
/* End PBXNativeTarget section */

/* Begin PBXProject section */
		995BF00028BA96E000A5C0F2 /* Project object */ = {
			isa = PBXProject;
			attributes = {
				BuildIndependentTargetsInParallel = 1;
				LastSwiftUpdateCheck = 1340;
				LastUpgradeCheck = 1340;
				TargetAttributes = {
					995BF00728BA96E000A5C0F2 = {
						CreatedOnToolsVersion = 13.4.1;
					};
					995BF01D28BA96E300A5C0F2 = {
						CreatedOnToolsVersion = 13.4.1;
						TestTargetID = 995BF00728BA96E000A5C0F2;
					};
					995BF02728BA96E300A5C0F2 = {
						CreatedOnToolsVersion = 13.4.1;
						TestTargetID = 995BF00728BA96E000A5C0F2;
					};
				};
			};
			buildConfigurationList = 995BF00328BA96E000A5C0F2 /* Build configuration list for PBXProject "MySpotify" */;
			compatibilityVersion = "Xcode 13.0";
			developmentRegion = en;
			hasScannedForEncodings = 0;
			knownRegions = (
				en,
				Base,
			);
			mainGroup = 995BEFFF28BA96E000A5C0F2;
			productRefGroup = 995BF00928BA96E000A5C0F2 /* Products */;
			projectDirPath = "";
			projectRoot = "";
			targets = (
				995BF00728BA96E000A5C0F2 /* MySpotify */,
				995BF01D28BA96E300A5C0F2 /* MySpotifyTests */,
				995BF02728BA96E300A5C0F2 /* MySpotifyUITests */,
			);
		};
/* End PBXProject section */

/* Begin PBXResourcesBuildPhase section */
		995BF00628BA96E000A5C0F2 /* Resources */ = {
			isa = PBXResourcesBuildPhase;
			buildActionMask = 2147483647;
			files = (
				995BF01828BA96E300A5C0F2 /* LaunchScreen.storyboard in Resources */,
				995BF01528BA96E300A5C0F2 /* Assets.xcassets in Resources */,
				995BF01328BA96E000A5C0F2 /* Main.storyboard in Resources */,
			);
			runOnlyForDeploymentPostprocessing = 0;
		};
		995BF01C28BA96E300A5C0F2 /* Resources */ = {
			isa = PBXResourcesBuildPhase;
			buildActionMask = 2147483647;
			files = (
			);
			runOnlyForDeploymentPostprocessing = 0;
		};
		995BF02628BA96E300A5C0F2 /* Resources */ = {
			isa = PBXResourcesBuildPhase;
			buildActionMask = 2147483647;
			files = (
			);
			runOnlyForDeploymentPostprocessing = 0;
		};
/* End PBXResourcesBuildPhase section */

/* Begin PBXSourcesBuildPhase section */
		995BF00428BA96E000A5C0F2 /* Sources */ = {
			isa = PBXSourcesBuildPhase;
			buildActionMask = 2147483647;
			files = (
				995BF01028BA96E000A5C0F2 /* ViewController.swift in Sources */,
				995BF00C28BA96E000A5C0F2 /* AppDelegate.swift in Sources */,
				995BF00E28BA96E000A5C0F2 /* SceneDelegate.swift in Sources */,
			);
			runOnlyForDeploymentPostprocessing = 0;
		};
		995BF01A28BA96E300A5C0F2 /* Sources */ = {
			isa = PBXSourcesBuildPhase;
			buildActionMask = 2147483647;
			files = (
				995BF02328BA96E300A5C0F2 /* MySpotifyTests.swift in Sources */,
			);
			runOnlyForDeploymentPostprocessing = 0;
		};
		995BF02428BA96E300A5C0F2 /* Sources */ = {
			isa = PBXSourcesBuildPhase;
			buildActionMask = 2147483647;
			files = (
				995BF02D28BA96E300A5C0F2 /* MySpotifyUITests.swift in Sources */,
				995BF02F28BA96E300A5C0F2 /* MySpotifyUITestsLaunchTests.swift in Sources */,
			);
			runOnlyForDeploymentPostprocessing = 0;
		};
/* End PBXSourcesBuildPhase section */

/* Begin PBXTargetDependency section */
		995BF02028BA96E300A5C0F2 /* PBXTargetDependency */ = {
			isa = PBXTargetDependency;
			target = 995BF00728BA96E000A5C0F2 /* MySpotify */;
			targetProxy = 995BF01F28BA96E300A5C0F2 /* PBXContainerItemProxy */;
		};
		995BF02A28BA96E300A5C0F2 /* PBXTargetDependency */ = {
			isa = PBXTargetDependency;
			target = 995BF00728BA96E000A5C0F2 /* MySpotify */;
			targetProxy = 995BF02928BA96E300A5C0F2 /* PBXContainerItemProxy */;
		};
/* End PBXTargetDependency section */

/* Begin PBXVariantGroup section */
		995BF01128BA96E000A5C0F2 /* Main.storyboard */ = {
			isa = PBXVariantGroup;
			children = (
				995BF01228BA96E000A5C0F2 /* Base */,
			);
			name = Main.storyboard;
			sourceTree = "<group>";
		};
		995BF01628BA96E300A5C0F2 /* LaunchScreen.storyboard */ = {
			isa = PBXVariantGroup;
			children = (
				995BF01728BA96E300A5C0F2 /* Base */,
			);
			name = LaunchScreen.storyboard;
			sourceTree = "<group>";
		};
/* End PBXVariantGroup section */

/* Begin XCBuildConfiguration section */
		995BF03028BA96E300A5C0F2 /* Debug */ = {
			isa = XCBuildConfiguration;
			buildSettings = {
				ALWAYS_SEARCH_USER_PATHS = NO;
				CLANG_ANALYZER_NONNULL = YES;
				CLANG_ANALYZER_NUMBER_OBJECT_CONVERSION = YES_AGGRESSIVE;
				CLANG_CXX_LANGUAGE_STANDARD = "gnu++17";
				CLANG_ENABLE_MODULES = YES;
				CLANG_ENABLE_OBJC_ARC = YES;
				CLANG_ENABLE_OBJC_WEAK = YES;
				CLANG_WARN_BLOCK_CAPTURE_AUTORELEASING = YES;
				CLANG_WARN_BOOL_CONVERSION = YES;
				CLANG_WARN_COMMA = YES;
				CLANG_WARN_CONSTANT_CONVERSION = YES;
				CLANG_WARN_DEPRECATED_OBJC_IMPLEMENTATIONS = YES;
				CLANG_WARN_DIRECT_OBJC_ISA_USAGE = YES_ERROR;
				CLANG_WARN_DOCUMENTATION_COMMENTS = YES;
				CLANG_WARN_EMPTY_BODY = YES;
				CLANG_WARN_ENUM_CONVERSION = YES;
				CLANG_WARN_INFINITE_RECURSION = YES;
				CLANG_WARN_INT_CONVERSION = YES;
				CLANG_WARN_NON_LITERAL_NULL_CONVERSION = YES;
				CLANG_WARN_OBJC_IMPLICIT_RETAIN_SELF = YES;
				CLANG_WARN_OBJC_LITERAL_CONVERSION = YES;
				CLANG_WARN_OBJC_ROOT_CLASS = YES_ERROR;
				CLANG_WARN_QUOTED_INCLUDE_IN_FRAMEWORK_HEADER = YES;
				CLANG_WARN_RANGE_LOOP_ANALYSIS = YES;
				CLANG_WARN_STRICT_PROTOTYPES = YES;
				CLANG_WARN_SUSPICIOUS_MOVE = YES;
				CLANG_WARN_UNGUARDED_AVAILABILITY = YES_AGGRESSIVE;
				CLANG_WARN_UNREACHABLE_CODE = YES;
				CLANG_WARN__DUPLICATE_METHOD_MATCH = YES;
				COPY_PHASE_STRIP = NO;
				DEBUG_INFORMATION_FORMAT = dwarf;
				ENABLE_STRICT_OBJC_MSGSEND = YES;
				ENABLE_TESTABILITY = YES;
				GCC_C_LANGUAGE_STANDARD = gnu11;
				GCC_DYNAMIC_NO_PIC = NO;
				GCC_NO_COMMON_BLOCKS = YES;
				GCC_OPTIMIZATION_LEVEL = 0;
				GCC_PREPROCESSOR_DEFINITIONS = (
					"DEBUG=1",
					"$(inherited)",
				);
				GCC_WARN_64_TO_32_BIT_CONVERSION = YES;
				GCC_WARN_ABOUT_RETURN_TYPE = YES_ERROR;
				GCC_WARN_UNDECLARED_SELECTOR = YES;
				GCC_WARN_UNINITIALIZED_AUTOS = YES_AGGRESSIVE;
				GCC_WARN_UNUSED_FUNCTION = YES;
				GCC_WARN_UNUSED_VARIABLE = YES;
				IPHONEOS_DEPLOYMENT_TARGET = 15.5;
				MTL_ENABLE_DEBUG_INFO = INCLUDE_SOURCE;
				MTL_FAST_MATH = YES;
				ONLY_ACTIVE_ARCH = YES;
				SDKROOT = iphoneos;
				SWIFT_ACTIVE_COMPILATION_CONDITIONS = DEBUG;
				SWIFT_OPTIMIZATION_LEVEL = "-Onone";
			};
			name = Debug;
		};
		995BF03128BA96E300A5C0F2 /* Release */ = {
			isa = XCBuildConfiguration;
			buildSettings = {
				ALWAYS_SEARCH_USER_PATHS = NO;
				CLANG_ANALYZER_NONNULL = YES;
				CLANG_ANALYZER_NUMBER_OBJECT_CONVERSION = YES_AGGRESSIVE;
				CLANG_CXX_LANGUAGE_STANDARD = "gnu++17";
				CLANG_ENABLE_MODULES = YES;
				CLANG_ENABLE_OBJC_ARC = YES;
				CLANG_ENABLE_OBJC_WEAK = YES;
				CLANG_WARN_BLOCK_CAPTURE_AUTORELEASING = YES;
				CLANG_WARN_BOOL_CONVERSION = YES;
				CLANG_WARN_COMMA = YES;
				CLANG_WARN_CONSTANT_CONVERSION = YES;
				CLANG_WARN_DEPRECATED_OBJC_IMPLEMENTATIONS = YES;
				CLANG_WARN_DIRECT_OBJC_ISA_USAGE = YES_ERROR;
				CLANG_WARN_DOCUMENTATION_COMMENTS = YES;
				CLANG_WARN_EMPTY_BODY = YES;
				CLANG_WARN_ENUM_CONVERSION = YES;
				CLANG_WARN_INFINITE_RECURSION = YES;
				CLANG_WARN_INT_CONVERSION = YES;
				CLANG_WARN_NON_LITERAL_NULL_CONVERSION = YES;
				CLANG_WARN_OBJC_IMPLICIT_RETAIN_SELF = YES;
				CLANG_WARN_OBJC_LITERAL_CONVERSION = YES;
				CLANG_WARN_OBJC_ROOT_CLASS = YES_ERROR;
				CLANG_WARN_QUOTED_INCLUDE_IN_FRAMEWORK_HEADER = YES;
				CLANG_WARN_RANGE_LOOP_ANALYSIS = YES;
				CLANG_WARN_STRICT_PROTOTYPES = YES;
				CLANG_WARN_SUSPICIOUS_MOVE = YES;
				CLANG_WARN_UNGUARDED_AVAILABILITY = YES_AGGRESSIVE;
				CLANG_WARN_UNREACHABLE_CODE = YES;
				CLANG_WARN__DUPLICATE_METHOD_MATCH = YES;
				COPY_PHASE_STRIP = NO;
				DEBUG_INFORMATION_FORMAT = "dwarf-with-dsym";
				ENABLE_NS_ASSERTIONS = NO;
				ENABLE_STRICT_OBJC_MSGSEND = YES;
				GCC_C_LANGUAGE_STANDARD = gnu11;
				GCC_NO_COMMON_BLOCKS = YES;
				GCC_WARN_64_TO_32_BIT_CONVERSION = YES;
				GCC_WARN_ABOUT_RETURN_TYPE = YES_ERROR;
				GCC_WARN_UNDECLARED_SELECTOR = YES;
				GCC_WARN_UNINITIALIZED_AUTOS = YES_AGGRESSIVE;
				GCC_WARN_UNUSED_FUNCTION = YES;
				GCC_WARN_UNUSED_VARIABLE = YES;
				IPHONEOS_DEPLOYMENT_TARGET = 15.5;
				MTL_ENABLE_DEBUG_INFO = NO;
				MTL_FAST_MATH = YES;
				SDKROOT = iphoneos;
				SWIFT_COMPILATION_MODE = wholemodule;
				SWIFT_OPTIMIZATION_LEVEL = "-O";
				VALIDATE_PRODUCT = YES;
			};
			name = Release;
		};
		995BF03328BA96E300A5C0F2 /* Debug */ = {
			isa = XCBuildConfiguration;
			buildSettings = {
				ASSETCATALOG_COMPILER_APPICON_NAME = AppIcon;
				ASSETCATALOG_COMPILER_GLOBAL_ACCENT_COLOR_NAME = AccentColor;
				CODE_SIGN_STYLE = Automatic;
				CURRENT_PROJECT_VERSION = 1;
				DEVELOPMENT_TEAM = 4KX39VZ9JG;
				GENERATE_INFOPLIST_FILE = YES;
				INFOPLIST_FILE = MySpotify/Info.plist;
				INFOPLIST_KEY_UIApplicationSupportsIndirectInputEvents = YES;
				INFOPLIST_KEY_UILaunchStoryboardName = LaunchScreen;
				INFOPLIST_KEY_UIMainStoryboardFile = Main;
				INFOPLIST_KEY_UISupportedInterfaceOrientations_iPad = "UIInterfaceOrientationPortrait UIInterfaceOrientationPortraitUpsideDown UIInterfaceOrientationLandscapeLeft UIInterfaceOrientationLandscapeRight";
				INFOPLIST_KEY_UISupportedInterfaceOrientations_iPhone = "UIInterfaceOrientationPortrait UIInterfaceOrientationLandscapeLeft UIInterfaceOrientationLandscapeRight";
				LD_RUNPATH_SEARCH_PATHS = (
					"$(inherited)",
					"@executable_path/Frameworks",
				);
				MARKETING_VERSION = 1.0;
				PRODUCT_BUNDLE_IDENTIFIER = "Toshiki-Yanagimoto.MySpotify";
				PRODUCT_NAME = "$(TARGET_NAME)";
				SWIFT_EMIT_LOC_STRINGS = YES;
				SWIFT_VERSION = 5.0;
				TARGETED_DEVICE_FAMILY = "1,2";
			};
			name = Debug;
		};
		995BF03428BA96E300A5C0F2 /* Release */ = {
			isa = XCBuildConfiguration;
			buildSettings = {
				ASSETCATALOG_COMPILER_APPICON_NAME = AppIcon;
				ASSETCATALOG_COMPILER_GLOBAL_ACCENT_COLOR_NAME = AccentColor;
				CODE_SIGN_STYLE = Automatic;
				CURRENT_PROJECT_VERSION = 1;
				DEVELOPMENT_TEAM = 4KX39VZ9JG;
				GENERATE_INFOPLIST_FILE = YES;
				INFOPLIST_FILE = MySpotify/Info.plist;
				INFOPLIST_KEY_UIApplicationSupportsIndirectInputEvents = YES;
				INFOPLIST_KEY_UILaunchStoryboardName = LaunchScreen;
				INFOPLIST_KEY_UIMainStoryboardFile = Main;
				INFOPLIST_KEY_UISupportedInterfaceOrientations_iPad = "UIInterfaceOrientationPortrait UIInterfaceOrientationPortraitUpsideDown UIInterfaceOrientationLandscapeLeft UIInterfaceOrientationLandscapeRight";
				INFOPLIST_KEY_UISupportedInterfaceOrientations_iPhone = "UIInterfaceOrientationPortrait UIInterfaceOrientationLandscapeLeft UIInterfaceOrientationLandscapeRight";
				LD_RUNPATH_SEARCH_PATHS = (
					"$(inherited)",
					"@executable_path/Frameworks",
				);
				MARKETING_VERSION = 1.0;
				PRODUCT_BUNDLE_IDENTIFIER = "Toshiki-Yanagimoto.MySpotify";
				PRODUCT_NAME = "$(TARGET_NAME)";
				SWIFT_EMIT_LOC_STRINGS = YES;
				SWIFT_VERSION = 5.0;
				TARGETED_DEVICE_FAMILY = "1,2";
			};
			name = Release;
		};
		995BF03628BA96E300A5C0F2 /* Debug */ = {
			isa = XCBuildConfiguration;
			buildSettings = {
				ALWAYS_EMBED_SWIFT_STANDARD_LIBRARIES = YES;
				BUNDLE_LOADER = "$(TEST_HOST)";
				CODE_SIGN_STYLE = Automatic;
				CURRENT_PROJECT_VERSION = 1;
				DEVELOPMENT_TEAM = 4KX39VZ9JG;
				GENERATE_INFOPLIST_FILE = YES;
				IPHONEOS_DEPLOYMENT_TARGET = 15.5;
				MARKETING_VERSION = 1.0;
				PRODUCT_BUNDLE_IDENTIFIER = "Toshiki-Yanagimoto.MySpotifyTests";
				PRODUCT_NAME = "$(TARGET_NAME)";
				SWIFT_EMIT_LOC_STRINGS = NO;
				SWIFT_VERSION = 5.0;
				TARGETED_DEVICE_FAMILY = "1,2";
				TEST_HOST = "$(BUILT_PRODUCTS_DIR)/MySpotify.app/MySpotify";
			};
			name = Debug;
		};
		995BF03728BA96E300A5C0F2 /* Release */ = {
			isa = XCBuildConfiguration;
			buildSettings = {
				ALWAYS_EMBED_SWIFT_STANDARD_LIBRARIES = YES;
				BUNDLE_LOADER = "$(TEST_HOST)";
				CODE_SIGN_STYLE = Automatic;
				CURRENT_PROJECT_VERSION = 1;
				DEVELOPMENT_TEAM = 4KX39VZ9JG;
				GENERATE_INFOPLIST_FILE = YES;
				IPHONEOS_DEPLOYMENT_TARGET = 15.5;
				MARKETING_VERSION = 1.0;
				PRODUCT_BUNDLE_IDENTIFIER = "Toshiki-Yanagimoto.MySpotifyTests";
				PRODUCT_NAME = "$(TARGET_NAME)";
				SWIFT_EMIT_LOC_STRINGS = NO;
				SWIFT_VERSION = 5.0;
				TARGETED_DEVICE_FAMILY = "1,2";
				TEST_HOST = "$(BUILT_PRODUCTS_DIR)/MySpotify.app/MySpotify";
			};
			name = Release;
		};
		995BF03928BA96E300A5C0F2 /* Debug */ = {
			isa = XCBuildConfiguration;
			buildSettings = {
				ALWAYS_EMBED_SWIFT_STANDARD_LIBRARIES = YES;
				CODE_SIGN_STYLE = Automatic;
				CURRENT_PROJECT_VERSION = 1;
				DEVELOPMENT_TEAM = 4KX39VZ9JG;
				GENERATE_INFOPLIST_FILE = YES;
				MARKETING_VERSION = 1.0;
				PRODUCT_BUNDLE_IDENTIFIER = "Toshiki-Yanagimoto.MySpotifyUITests";
				PRODUCT_NAME = "$(TARGET_NAME)";
				SWIFT_EMIT_LOC_STRINGS = NO;
				SWIFT_VERSION = 5.0;
				TARGETED_DEVICE_FAMILY = "1,2";
				TEST_TARGET_NAME = MySpotify;
			};
			name = Debug;
		};
		995BF03A28BA96E300A5C0F2 /* Release */ = {
			isa = XCBuildConfiguration;
			buildSettings = {
				ALWAYS_EMBED_SWIFT_STANDARD_LIBRARIES = YES;
				CODE_SIGN_STYLE = Automatic;
				CURRENT_PROJECT_VERSION = 1;
				DEVELOPMENT_TEAM = 4KX39VZ9JG;
				GENERATE_INFOPLIST_FILE = YES;
				MARKETING_VERSION = 1.0;
				PRODUCT_BUNDLE_IDENTIFIER = "Toshiki-Yanagimoto.MySpotifyUITests";
				PRODUCT_NAME = "$(TARGET_NAME)";
				SWIFT_EMIT_LOC_STRINGS = NO;
				SWIFT_VERSION = 5.0;
				TARGETED_DEVICE_FAMILY = "1,2";
				TEST_TARGET_NAME = MySpotify;
			};
			name = Release;
		};
/* End XCBuildConfiguration section */

/* Begin XCConfigurationList section */
		995BF00328BA96E000A5C0F2 /* Build configuration list for PBXProject "MySpotify" */ = {
			isa = XCConfigurationList;
			buildConfigurations = (
				995BF03028BA96E300A5C0F2 /* Debug */,
				995BF03128BA96E300A5C0F2 /* Release */,
			);
			defaultConfigurationIsVisible = 0;
			defaultConfigurationName = Release;
		};
		995BF03228BA96E300A5C0F2 /* Build configuration list for PBXNativeTarget "MySpotify" */ = {
			isa = XCConfigurationList;
			buildConfigurations = (
				995BF03328BA96E300A5C0F2 /* Debug */,
				995BF03428BA96E300A5C0F2 /* Release */,
			);
			defaultConfigurationIsVisible = 0;
			defaultConfigurationName = Release;
		};
		995BF03528BA96E300A5C0F2 /* Build configuration list for PBXNativeTarget "MySpotifyTests" */ = {
			isa = XCConfigurationList;
			buildConfigurations = (
				995BF03628BA96E300A5C0F2 /* Debug */,
				995BF03728BA96E300A5C0F2 /* Release */,
			);
			defaultConfigurationIsVisible = 0;
			defaultConfigurationName = Release;
		};
		995BF03828BA96E300A5C0F2 /* Build configuration list for PBXNativeTarget "MySpotifyUITests" */ = {
			isa = XCConfigurationList;
			buildConfigurations = (
				995BF03928BA96E300A5C0F2 /* Debug */,
				995BF03A28BA96E300A5C0F2 /* Release */,
			);
			defaultConfigurationIsVisible = 0;
			defaultConfigurationName = Release;
		};
/* End XCConfigurationList section */
	};
	rootObject = 995BF00028BA96E000A5C0F2 /* Project object */;
}
